# This file is autogenerated, do not edit; changes may be undone by the next 'dep ensure'.


[[projects]]
  digest = "1:97df918963298c287643883209a2c3f642e6593379f97ab400c2a2e219ab647d"
  name = "github.com/golang/protobuf"
  packages = ["proto"]
  pruneopts = "UT"
  revision = "aa810b61a9c79d51363740d207bb46cf8e620ed5"
  version = "v1.2.0"

[[projects]]
  branch = "master"
  digest = "1:e86de45f76f0a45be70fb537d022a578dfead2f626abf5cf0e5e8e25b75b3402"
  name = "github.com/lamuguo/blog"
  packages = [
    "blog",
    "blog/atom",
  ]
  pruneopts = "UT"
  revision = "4988d1ad07b2b34f6fbb1230a7ee24ee72ca7e3b"

[[projects]]
  digest = "1:1fc201f179a7d45f944655de3cdbfb0a8a226fd525569454e31ca87f9e4bb677"
  name = "github.com/microcosm-cc/bluemonday"
  packages = ["."]
  pruneopts = "UT"
  revision = "82c7118e8ccf7403d4860175d97bb635e8e28239"
  version = "v1.0.1"

[[projects]]
  digest = "1:b36a0ede02c4c2aef7df7f91cbbb7bb88a98b5d253509d4f997dda526e50c88c"
  name = "github.com/russross/blackfriday"
  packages = ["."]
  pruneopts = "UT"
  revision = "05f3235734ad95d0016f6a23902f06461fcf567a"
  version = "v1.5.2"

[[projects]]
  branch = "master"
  digest = "1:17847c677cb69303e0b8606b690f400c53485620a98d288aee1a215235118fcb"
  name = "golang.org/x/net"
  packages = [
    "context",
    "html",
    "html/atom",
  ]
  pruneopts = "UT"
  revision = "a544f70c90f196e50d198126db0c4cb2b562fec0"

[[projects]]
  branch = "master"
  digest = "1:a947f786f24c7613dbcfeb8b487a444f0f2fefb651f94b0baa9e9e84573c6259"
  name = "golang.org/x/tools"
  packages = [
    "godoc/static",
    "playground",
    "present",
  ]
  pruneopts = "UT"
  revision = "e21233ffa6c386fc230b4328493f77af54ff9372"

[[projects]]
  digest = "1:ff1d099eaac616cfb0eb941e5a6b5371880130dcd50cd449b5c1a6522a1b1c41"
  name = "google.golang.org/appengine"
  packages = [
    ".",
    "internal",
    "internal/app_identity",
    "internal/base",
    "internal/datastore",
    "internal/log",
    "internal/modules",
    "internal/remote_api",
    "internal/urlfetch",
    "log",
    "urlfetch",
  ]
  pruneopts = "UT"
  revision = "4a4468ece617fc8205e99368fa2200e9d1fad421"
  version = "v1.3.0"

[solve-meta]
  analyzer-name = "dep"
  analyzer-version = 1
  input-imports = [
    "github.com/lamuguo/blog/blog",
    "github.com/microcosm-cc/bluemonday",
    "github.com/russross/blackfriday",
    "golang.org/x/tools/godoc/static",
    "golang.org/x/tools/playground",
    "golang.org/x/tools/present",
  ]
  solver-name = "gps-cdcl"
  solver-version = 1
